
Microsoft Visual Studio Solution File, Format Version 12.00
# Visual Studio Version 16
VisualStudioVersion = 16.0.31025.218
MinimumVisualStudioVersion = 10.0.40219.1
Project("{FAE04EC0-301F-11D3-BF4B-00C04F79EFBC}") = "RepositoryPatternDemo", "RepositoryPatternDemo\RepositoryPatternDemo.csproj", "{DC1EA582-4C64-423E-918B-B531DE149164}"
EndProject
Global
	GlobalSection(SolutionConfigurationPlatforms) = preSolution
		Debug|Any CPU = Debug|Any CPU
		Release|Any CPU = Release|Any CPU
	EndGlobalSection
	GlobalSection(ProjectConfigurationPlatforms) = postSolution
		{DC1EA582-4C64-423E-918B-B531DE149164}.Debug|Any CPU.ActiveCfg = Debug|Any CPU
		{DC1EA582-4C64-423E-918B-B531DE149164}.Debug|Any CPU.Build.0 = Debug|Any CPU
		{DC1EA582-4C64-423E-918B-B531DE149164}.Release|Any CPU.ActiveCfg = Release|Any CPU
		{DC1EA582-4C64-423E-918B-B531DE149164}.Release|Any CPU.Build.0 = Release|Any CPU
	EndGlobalSection
	GlobalSection(SolutionProperties) = preSolution
		HideSolutionNode = FALSE
	EndGlobalSection
	GlobalSection(ExtensibilityGlobals) = postSolution
		SolutionGuid = {1491A8EB-D441-4435-B57D-205A1CAF0D89}
	EndGlobalSection
EndGlobal
